{
  "name": "send_email_co",
  "lockfileVersion": 3,
  "requires": true,
  "packages": {
    "": {
      "name": "send_email_co",
      "dependencies": {
        "nodemailer": "^8.0.5",
        "tokenEvent": "file:../common/tokenEvent"
      }
    },
    "../common/tokenEvent": {
      "version": "1.0.0",
      "license": "ISC",
      "dependencies": {
        "jsonwebtoken": "^9.0.2"
      }
    },
    "node_modules/nodemailer": {
      "version": "8.0.5",
      "resolved": "https://registry.npmjs.org/nodemailer/-/nodemailer-8.0.5.tgz",
      "integrity": "sha512-0PF8Yb1yZuQfQbq+5/pZJrtF6WQcjTd5/S4JOHs9PGFxuTqoB/icwuB44pOdURHJbRKX1PPoJZtY7R4VUoCC8w==",
      "engines": {
        "node": ">=6.0.0"
      }
    },
    "node_modules/tokenEvent": {
      "resolved": "../common/tokenEvent",
      "link": true
    }
  }
}
